# This file is generated by running "yarn install" inside your project.
# Manual changes might be lost - proceed with caution!

__metadata:
  version: 6

"@demo/one@workspace:*, @demo/one@workspace:packages/one":
  version: 0.0.0-use.local
  resolution: "@demo/one@workspace:packages/one"
  languageName: unknown
  linkType: soft

"@demo/two@workspace:packages/two":
  version: 0.0.0-use.local
  resolution: "@demo/two@workspace:packages/two"
  dependencies:
    "@demo/one": "workspace:*"
  languageName: unknown
  linkType: soft

"yarn-git-workspace-alpha@workspace:.":
  version: 0.0.0-use.local
  resolution: "yarn-git-workspace-alpha@workspace:."
  languageName: unknown
  linkType: soft
